
Microsoft Visual Studio Solution File, Format Version 12.00
# Visual Studio Version 17
VisualStudioVersion = 17.5.002.0
MinimumVisualStudioVersion = 10.0.40219.1
Project("{2150E333-8FDC-42A3-9474-1A3956D46DE8}") = "csharp-prep", "csharp-prep", "{F7057CA6-CAD4-4276-BD18-8FBDE71050AC}"
EndProject
Project("{9A19103F-16F7-4668-BE54-9A1E7A4F7556}") = "Prep1", "csharp-prep\Prep1\Prep1.csproj", "{FDDE1397-8878-4766-84C9-0CFA83202550}"
EndProject
Project("{9A19103F-16F7-4668-BE54-9A1E7A4F7556}") = "Prep2", "csharp-prep\Prep2\Prep2.csproj", "{7173A917-D83C-4831-BE10-D32439803BF3}"
EndProject
Project("{9A19103F-16F7-4668-BE54-9A1E7A4F7556}") = "Prep3", "csharp-prep\Prep3\Prep3.csproj", "{3FB002D3-C9E0-4859-8893-3189B0CAA732}"
EndProject
Project("{9A19103F-16F7-4668-BE54-9A1E7A4F7556}") = "Prep4", "csharp-prep\Prep4\Prep4.csproj", "{ED989FF9-BA44-4A79-A9E7-4C3C0AB01CBE}"
EndProject
Project("{9A19103F-16F7-4668-BE54-9A1E7A4F7556}") = "Prep5", "csharp-prep\Prep5\Prep5.csproj", "{5C230076-55ED-4333-81F0-EDC1DD7AA44E}"
EndProject
Project("{2150E333-8FDC-42A3-9474-1A3956D46DE8}") = "final", "final", "{A179DB59-D54E-4CFC-A346-809DCC13F520}"
EndProject
Project("{9A19103F-16F7-4668-BE54-9A1E7A4F7556}") = "FinalProject", "final\FinalProject\FinalProject.csproj", "{4E62B182-6B3D-4182-BC7C-5560D0570358}"
EndProject
Project("{9A19103F-16F7-4668-BE54-9A1E7A4F7556}") = "Foundation1", "final\Foundation1\Foundation1.csproj", "{8B5EAD5B-B255-419C-95C6-78FFBE326F49}"
EndProject
Project("{9A19103F-16F7-4668-BE54-9A1E7A4F7556}") = "Foundation2", "final\Foundation2\Foundation2.csproj", "{C3B1B402-938D-4171-B660-1985D695FB69}"
EndProject
Project("{9A19103F-16F7-4668-BE54-9A1E7A4F7556}") = "Foundation3", "final\Foundation3\Foundation3.csproj", "{587D1A59-68F2-4534-B111-34AFCFF68ED7}"
EndProject
Project("{9A19103F-16F7-4668-BE54-9A1E7A4F7556}") = "Foundation4", "final\Foundation4\Foundation4.csproj", "{2CE1C026-E3A7-4271-8302-D3C662977F36}"
EndProject
Project("{2150E333-8FDC-42A3-9474-1A3956D46DE8}") = "prepare", "prepare", "{BFB0A81B-9F1F-4F41-9C57-0E1DDEF93FAF}"
EndProject
Project("{9A19103F-16F7-4668-BE54-9A1E7A4F7556}") = "Learning02", "prepare\Learning02\Learning02.csproj", "{742D48B0-1613-4BFC-84B5-7C898F50FCA8}"
EndProject
Project("{9A19103F-16F7-4668-BE54-9A1E7A4F7556}") = "Learning03", "prepare\Learning03\Learning03.csproj", "{9AF75ED8-2A5B-41BB-903D-FC551075225A}"
EndProject
Project("{9A19103F-16F7-4668-BE54-9A1E7A4F7556}") = "Learning04", "prepare\Learning04\Learning04.csproj", "{BD90A6B7-B511-4195-8135-96A1DEABD244}"
EndProject
Project("{9A19103F-16F7-4668-BE54-9A1E7A4F7556}") = "Learning05", "prepare\Learning05\Learning05.csproj", "{D9E08B73-42A6-4862-961A-90FF248ED3C3}"
EndProject
Project("{2150E333-8FDC-42A3-9474-1A3956D46DE8}") = "prove", "prove", "{69BE6323-9AF3-45AC-87B1-904B8A83BA24}"
EndProject
Project("{9A19103F-16F7-4668-BE54-9A1E7A4F7556}") = "Develop02", "prove\Develop02\Develop02.csproj", "{401CB00A-7D22-41FA-87D6-A249BCE15A85}"
EndProject
Project("{9A19103F-16F7-4668-BE54-9A1E7A4F7556}") = "Develop03", "prove\Develop03\Develop03.csproj", "{AD6B9CA3-D203-425C-BD54-6365F31C7940}"
EndProject
Project("{9A19103F-16F7-4668-BE54-9A1E7A4F7556}") = "Develop04", "prove\Develop04\Develop04.csproj", "{3C8F08B3-958F-4447-91AD-C7ED7AF77995}"
EndProject
Project("{9A19103F-16F7-4668-BE54-9A1E7A4F7556}") = "Develop05", "prove\Develop05\Develop05.csproj", "{084B51FD-EFF0-4802-BED9-CA641314FD5E}"
EndProject
Project("{2150E333-8FDC-42A3-9474-1A3956D46DE8}") = "sandbox", "sandbox", "{5BA355A9-C594-4980-A4BB-6C4460391323}"
EndProject
Project("{9A19103F-16F7-4668-BE54-9A1E7A4F7556}") = "Sandbox", "sandbox\Sandbox\Sandbox.csproj", "{55E45D60-4373-493E-B047-9C00F1A159F0}"
EndProject
Global
	GlobalSection(SolutionConfigurationPlatforms) = preSolution
		Debug|Any CPU = Debug|Any CPU
		Release|Any CPU = Release|Any CPU
	EndGlobalSection
	GlobalSection(ProjectConfigurationPlatforms) = postSolution
		{FDDE1397-8878-4766-84C9-0CFA83202550}.Debug|Any CPU.ActiveCfg = Debug|Any CPU
		{FDDE1397-8878-4766-84C9-0CFA83202550}.Debug|Any CPU.Build.0 = Debug|Any CPU
		{FDDE1397-8878-4766-84C9-0CFA83202550}.Release|Any CPU.ActiveCfg = Release|Any CPU
		{FDDE1397-8878-4766-84C9-0CFA83202550}.Release|Any CPU.Build.0 = Release|Any CPU
		{7173A917-D83C-4831-BE10-D32439803BF3}.Debug|Any CPU.ActiveCfg = Debug|Any CPU
		{7173A917-D83C-4831-BE10-D32439803BF3}.Debug|Any CPU.Build.0 = Debug|Any CPU
		{7173A917-D83C-4831-BE10-D32439803BF3}.Release|Any CPU.ActiveCfg = Release|Any CPU
		{7173A917-D83C-4831-BE10-D32439803BF3}.Release|Any CPU.Build.0 = Release|Any CPU
		{3FB002D3-C9E0-4859-8893-3189B0CAA732}.Debug|Any CPU.ActiveCfg = Debug|Any CPU
		{3FB002D3-C9E0-4859-8893-3189B0CAA732}.Debug|Any CPU.Build.0 = Debug|Any CPU
		{3FB002D3-C9E0-4859-8893-3189B0CAA732}.Release|Any CPU.ActiveCfg = Release|Any CPU
		{3FB002D3-C9E0-4859-8893-3189B0CAA732}.Release|Any CPU.Build.0 = Release|Any CPU
		{ED989FF9-BA44-4A79-A9E7-4C3C0AB01CBE}.Debug|Any CPU.ActiveCfg = Debug|Any CPU
		{ED989FF9-BA44-4A79-A9E7-4C3C0AB01CBE}.Debug|Any CPU.Build.0 = Debug|Any CPU
		{ED989FF9-BA44-4A79-A9E7-4C3C0AB01CBE}.Release|Any CPU.ActiveCfg = Release|Any CPU
		{ED989FF9-BA44-4A79-A9E7-4C3C0AB01CBE}.Release|Any CPU.Build.0 = Release|Any CPU
		{5C230076-55ED-4333-81F0-EDC1DD7AA44E}.Debug|Any CPU.ActiveCfg = Debug|Any CPU
		{5C230076-55ED-4333-81F0-EDC1DD7AA44E}.Debug|Any CPU.Build.0 = Debug|Any CPU
		{5C230076-55ED-4333-81F0-EDC1DD7AA44E}.Release|Any CPU.ActiveCfg = Release|Any CPU
		{5C230076-55ED-4333-81F0-EDC1DD7AA44E}.Release|Any CPU.Build.0 = Release|Any CPU
		{4E62B182-6B3D-4182-BC7C-5560D0570358}.Debug|Any CPU.ActiveCfg = Debug|Any CPU
		{4E62B182-6B3D-4182-BC7C-5560D0570358}.Debug|Any CPU.Build.0 = Debug|Any CPU
		{4E62B182-6B3D-4182-BC7C-5560D0570358}.Release|Any CPU.ActiveCfg = Release|Any CPU
		{4E62B182-6B3D-4182-BC7C-5560D0570358}.Release|Any CPU.Build.0 = Release|Any CPU
		{8B5EAD5B-B255-419C-95C6-78FFBE326F49}.Debug|Any CPU.ActiveCfg = Debug|Any CPU
		{8B5EAD5B-B255-419C-95C6-78FFBE326F49}.Debug|Any CPU.Build.0 = Debug|Any CPU
		{8B5EAD5B-B255-419C-95C6-78FFBE326F49}.Release|Any CPU.ActiveCfg = Release|Any CPU
		{8B5EAD5B-B255-419C-95C6-78FFBE326F49}.Release|Any CPU.Build.0 = Release|Any CPU
		{C3B1B402-938D-4171-B660-1985D695FB69}.Debug|Any CPU.ActiveCfg = Debug|Any CPU
		{C3B1B402-938D-4171-B660-1985D695FB69}.Debug|Any CPU.Build.0 = Debug|Any CPU
		{C3B1B402-938D-4171-B660-1985D695FB69}.Release|Any CPU.ActiveCfg = Release|Any CPU
		{C3B1B402-938D-4171-B660-1985D695FB69}.Release|Any CPU.Build.0 = Release|Any CPU
		{587D1A59-68F2-4534-B111-34AFCFF68ED7}.Debug|Any CPU.ActiveCfg = Debug|Any CPU
		{587D1A59-68F2-4534-B111-34AFCFF68ED7}.Debug|Any CPU.Build.0 = Debug|Any CPU
		{587D1A59-68F2-4534-B111-34AFCFF68ED7}.Release|Any CPU.ActiveCfg = Release|Any CPU
		{587D1A59-68F2-4534-B111-34AFCFF68ED7}.Release|Any CPU.Build.0 = Release|Any CPU
		{2CE1C026-E3A7-4271-8302-D3C662977F36}.Debug|Any CPU.ActiveCfg = Debug|Any CPU
		{2CE1C026-E3A7-4271-8302-D3C662977F36}.Debug|Any CPU.Build.0 = Debug|Any CPU
		{2CE1C026-E3A7-4271-8302-D3C662977F36}.Release|Any CPU.ActiveCfg = Release|Any CPU
		{2CE1C026-E3A7-4271-8302-D3C662977F36}.Release|Any CPU.Build.0 = Release|Any CPU
		{742D48B0-1613-4BFC-84B5-7C898F50FCA8}.Debug|Any CPU.ActiveCfg = Debug|Any CPU
		{742D48B0-1613-4BFC-84B5-7C898F50FCA8}.Debug|Any CPU.Build.0 = Debug|Any CPU
		{742D48B0-1613-4BFC-84B5-7C898F50FCA8}.Release|Any CPU.ActiveCfg = Release|Any CPU
		{742D48B0-1613-4BFC-84B5-7C898F50FCA8}.Release|Any CPU.Build.0 = Release|Any CPU
		{9AF75ED8-2A5B-41BB-903D-FC551075225A}.Debug|Any CPU.ActiveCfg = Debug|Any CPU
		{9AF75ED8-2A5B-41BB-903D-FC551075225A}.Debug|Any CPU.Build.0 = Debug|Any CPU
		{9AF75ED8-2A5B-41BB-903D-FC551075225A}.Release|Any CPU.ActiveCfg = Release|Any CPU
		{9AF75ED8-2A5B-41BB-903D-FC551075225A}.Release|Any CPU.Build.0 = Release|Any CPU
		{BD90A6B7-B511-4195-8135-96A1DEABD244}.Debug|Any CPU.ActiveCfg = Debug|Any CPU
		{BD90A6B7-B511-4195-8135-96A1DEABD244}.Debug|Any CPU.Build.0 = Debug|Any CPU
		{BD90A6B7-B511-4195-8135-96A1DEABD244}.Release|Any CPU.ActiveCfg = Release|Any CPU
		{BD90A6B7-B511-4195-8135-96A1DEABD244}.Release|Any CPU.Build.0 = Release|Any CPU
		{D9E08B73-42A6-4862-961A-90FF248ED3C3}.Debug|Any CPU.ActiveCfg = Debug|Any CPU
		{D9E08B73-42A6-4862-961A-90FF248ED3C3}.Debug|Any CPU.Build.0 = Debug|Any CPU
		{D9E08B73-42A6-4862-961A-90FF248ED3C3}.Release|Any CPU.ActiveCfg = Release|Any CPU
		{D9E08B73-42A6-4862-961A-90FF248ED3C3}.Release|Any CPU.Build.0 = Release|Any CPU
		{401CB00A-7D22-41FA-87D6-A249BCE15A85}.Debug|Any CPU.ActiveCfg = Debug|Any CPU
		{401CB00A-7D22-41FA-87D6-A249BCE15A85}.Debug|Any CPU.Build.0 = Debug|Any CPU
		{401CB00A-7D22-41FA-87D6-A249BCE15A85}.Release|Any CPU.ActiveCfg = Release|Any CPU
		{401CB00A-7D22-41FA-87D6-A249BCE15A85}.Release|Any CPU.Build.0 = Release|Any CPU
		{AD6B9CA3-D203-425C-BD54-6365F31C7940}.Debug|Any CPU.ActiveCfg = Debug|Any CPU
		{AD6B9CA3-D203-425C-BD54-6365F31C7940}.Debug|Any CPU.Build.0 = Debug|Any CPU
		{AD6B9CA3-D203-425C-BD54-6365F31C7940}.Release|Any CPU.ActiveCfg = Release|Any CPU
		{AD6B9CA3-D203-425C-BD54-6365F31C7940}.Release|Any CPU.Build.0 = Release|Any CPU
		{3C8F08B3-958F-4447-91AD-C7ED7AF77995}.Debug|Any CPU.ActiveCfg = Debug|Any CPU
		{3C8F08B3-958F-4447-91AD-C7ED7AF77995}.Debug|Any CPU.Build.0 = Debug|Any CPU
		{3C8F08B3-958F-4447-91AD-C7ED7AF77995}.Release|Any CPU.ActiveCfg = Release|Any CPU
		{3C8F08B3-958F-4447-91AD-C7ED7AF77995}.Release|Any CPU.Build.0 = Release|Any CPU
		{084B51FD-EFF0-4802-BED9-CA641314FD5E}.Debug|Any CPU.ActiveCfg = Debug|Any CPU
		{084B51FD-EFF0-4802-BED9-CA641314FD5E}.Debug|Any CPU.Build.0 = Debug|Any CPU
		{084B51FD-EFF0-4802-BED9-CA641314FD5E}.Release|Any CPU.ActiveCfg = Release|Any CPU
		{084B51FD-EFF0-4802-BED9-CA641314FD5E}.Release|Any CPU.Build.0 = Release|Any CPU
		{55E45D60-4373-493E-B047-9C00F1A159F0}.Debug|Any CPU.ActiveCfg = Debug|Any CPU
		{55E45D60-4373-493E-B047-9C00F1A159F0}.Debug|Any CPU.Build.0 = Debug|Any CPU
		{55E45D60-4373-493E-B047-9C00F1A159F0}.Release|Any CPU.ActiveCfg = Release|Any CPU
		{55E45D60-4373-493E-B047-9C00F1A159F0}.Release|Any CPU.Build.0 = Release|Any CPU
	EndGlobalSection
	GlobalSection(SolutionProperties) = preSolution
		HideSolutionNode = FALSE
	EndGlobalSection
	GlobalSection(NestedProjects) = preSolution
		{FDDE1397-8878-4766-84C9-0CFA83202550} = {F7057CA6-CAD4-4276-BD18-8FBDE71050AC}
		{7173A917-D83C-4831-BE10-D32439803BF3} = {F7057CA6-CAD4-4276-BD18-8FBDE71050AC}
		{3FB002D3-C9E0-4859-8893-3189B0CAA732} = {F7057CA6-CAD4-4276-BD18-8FBDE71050AC}
		{ED989FF9-BA44-4A79-A9E7-4C3C0AB01CBE} = {F7057CA6-CAD4-4276-BD18-8FBDE71050AC}
		{5C230076-55ED-4333-81F0-EDC1DD7AA44E} = {F7057CA6-CAD4-4276-BD18-8FBDE71050AC}
		{4E62B182-6B3D-4182-BC7C-5560D0570358} = {A179DB59-D54E-4CFC-A346-809DCC13F520}
		{8B5EAD5B-B255-419C-95C6-78FFBE326F49} = {A179DB59-D54E-4CFC-A346-809DCC13F520}
		{C3B1B402-938D-4171-B660-1985D695FB69} = {A179DB59-D54E-4CFC-A346-809DCC13F520}
		{587D1A59-68F2-4534-B111-34AFCFF68ED7} = {A179DB59-D54E-4CFC-A346-809DCC13F520}
		{2CE1C026-E3A7-4271-8302-D3C662977F36} = {A179DB59-D54E-4CFC-A346-809DCC13F520}
		{742D48B0-1613-4BFC-84B5-7C898F50FCA8} = {BFB0A81B-9F1F-4F41-9C57-0E1DDEF93FAF}
		{9AF75ED8-2A5B-41BB-903D-FC551075225A} = {BFB0A81B-9F1F-4F41-9C57-0E1DDEF93FAF}
		{BD90A6B7-B511-4195-8135-96A1DEABD244} = {BFB0A81B-9F1F-4F41-9C57-0E1DDEF93FAF}
		{D9E08B73-42A6-4862-961A-90FF248ED3C3} = {BFB0A81B-9F1F-4F41-9C57-0E1DDEF93FAF}
		{401CB00A-7D22-41FA-87D6-A249BCE15A85} = {69BE6323-9AF3-45AC-87B1-904B8A83BA24}
		{AD6B9CA3-D203-425C-BD54-6365F31C7940} = {69BE6323-9AF3-45AC-87B1-904B8A83BA24}
		{3C8F08B3-958F-4447-91AD-C7ED7AF77995} = {69BE6323-9AF3-45AC-87B1-904B8A83BA24}
		{084B51FD-EFF0-4802-BED9-CA641314FD5E} = {69BE6323-9AF3-45AC-87B1-904B8A83BA24}
		{55E45D60-4373-493E-B047-9C00F1A159F0} = {5BA355A9-C594-4980-A4BB-6C4460391323}
	EndGlobalSection
	GlobalSection(ExtensibilityGlobals) = postSolution
		SolutionGuid = {D279C195-63C2-42F7-8434-55AB969DD734}
	EndGlobalSection
EndGlobal
